
Microsoft Visual Studio Solution File, Format Version 12.00
# Visual Studio Version 17
VisualStudioVersion = 17.3.32922.545
MinimumVisualStudioVersion = 10.0.40219.1
Project("{FAE04EC0-301F-11D3-BF4B-00C04F79EFBC}") = "BlazorCookieAuthentication", "BlazorCookieAuthentication\BlazorCookieAuthentication.csproj", "{D6457A6D-AC79-4C93-B1F0-B54EE988E0DC}"
EndProject
Global
	GlobalSection(SolutionConfigurationPlatforms) = preSolution
		Debug|Any CPU = Debug|Any CPU
		Release|Any CPU = Release|Any CPU
	EndGlobalSection
	GlobalSection(ProjectConfigurationPlatforms) = postSolution
		{D6457A6D-AC79-4C93-B1F0-B54EE988E0DC}.Debug|Any CPU.ActiveCfg = Debug|Any CPU
		{D6457A6D-AC79-4C93-B1F0-B54EE988E0DC}.Debug|Any CPU.Build.0 = Debug|Any CPU
		{D6457A6D-AC79-4C93-B1F0-B54EE988E0DC}.Release|Any CPU.ActiveCfg = Release|Any CPU
		{D6457A6D-AC79-4C93-B1F0-B54EE988E0DC}.Release|Any CPU.Build.0 = Release|Any CPU
	EndGlobalSection
	GlobalSection(SolutionProperties) = preSolution
		HideSolutionNode = FALSE
	EndGlobalSection
	GlobalSection(ExtensibilityGlobals) = postSolution
		SolutionGuid = {529B90C0-9824-40CB-BDCA-4EF2F6F68FBF}
	EndGlobalSection
EndGlobal
