
Microsoft Visual Studio Solution File, Format Version 12.00
# Visual Studio Version 17
VisualStudioVersion = 17.5.002.0
MinimumVisualStudioVersion = 10.0.40219.1
Project("{9A19103F-16F7-4668-BE54-9A1E7A4F7556}") = "BlazorCookieAuth", "BlazorCookieAuth.csproj", "{78C7684F-A40E-468A-87D4-BAC3D02F7F36}"
EndProject
Global
	GlobalSection(SolutionConfigurationPlatforms) = preSolution
		Debug|Any CPU = Debug|Any CPU
		Release|Any CPU = Release|Any CPU
	EndGlobalSection
	GlobalSection(ProjectConfigurationPlatforms) = postSolution
		{78C7684F-A40E-468A-87D4-BAC3D02F7F36}.Debug|Any CPU.ActiveCfg = Debug|Any CPU
		{78C7684F-A40E-468A-87D4-BAC3D02F7F36}.Debug|Any CPU.Build.0 = Debug|Any CPU
		{78C7684F-A40E-468A-87D4-BAC3D02F7F36}.Release|Any CPU.ActiveCfg = Release|Any CPU
		{78C7684F-A40E-468A-87D4-BAC3D02F7F36}.Release|Any CPU.Build.0 = Release|Any CPU
	EndGlobalSection
	GlobalSection(SolutionProperties) = preSolution
		HideSolutionNode = FALSE
	EndGlobalSection
	GlobalSection(ExtensibilityGlobals) = postSolution
		SolutionGuid = {83D2DCC0-CAB4-4530-AFAE-604F2459E5FA}
	EndGlobalSection
EndGlobal
